
Microsoft Visual Studio Solution File, Format Version 12.00
# Visual Studio Version 17
VisualStudioVersion = 17.0.31903.59
MinimumVisualStudioVersion = 10.0.40219.1
Project("{FAE04EC0-301F-11D3-BF4B-00C04F79EFBC}") = "Attriba.Playground", "playground\Attriba.Playground.csproj", "{D723E000-4FB6-46B7-8D99-C0E40FC66E7E}"
EndProject
Project("{FAE04EC0-301F-11D3-BF4B-00C04F79EFBC}") = "Attriba", "lib\Attriba.csproj", "{5073429B-776F-4109-B194-1E969F5FFEF1}"
EndProject
Global
	GlobalSection(SolutionConfigurationPlatforms) = preSolution
		Debug|Any CPU = Debug|Any CPU
		Release|Any CPU = Release|Any CPU
	EndGlobalSection
	GlobalSection(SolutionProperties) = preSolution
		HideSolutionNode = FALSE
	EndGlobalSection
	GlobalSection(ProjectConfigurationPlatforms) = postSolution
		{D723E000-4FB6-46B7-8D99-C0E40FC66E7E}.Debug|Any CPU.ActiveCfg = Debug|Any CPU
		{D723E000-4FB6-46B7-8D99-C0E40FC66E7E}.Debug|Any CPU.Build.0 = Debug|Any CPU
		{D723E000-4FB6-46B7-8D99-C0E40FC66E7E}.Release|Any CPU.ActiveCfg = Release|Any CPU
		{D723E000-4FB6-46B7-8D99-C0E40FC66E7E}.Release|Any CPU.Build.0 = Release|Any CPU
		{5073429B-776F-4109-B194-1E969F5FFEF1}.Debug|Any CPU.ActiveCfg = Debug|Any CPU
		{5073429B-776F-4109-B194-1E969F5FFEF1}.Debug|Any CPU.Build.0 = Debug|Any CPU
		{5073429B-776F-4109-B194-1E969F5FFEF1}.Release|Any CPU.ActiveCfg = Release|Any CPU
		{5073429B-776F-4109-B194-1E969F5FFEF1}.Release|Any CPU.Build.0 = Release|Any CPU
	EndGlobalSection
EndGlobal
